{
  "requires": true,
  "lockfileVersion": 1,
  "dependencies": {
    "@types/object-path": {
      "version": "0.9.29",
      "resolved": "https://nexus.xrci.io/repository/npm/@types/object-path/-/object-path-0.9.29.tgz",
      "integrity": "sha512-txsii9cwD2OUOPukfPu3Jpoi3CnznBAwRX3JF26EC4p5T6IA8AaL6PBilACyY2fJkk+ydDNo4BJrJOo/OmNaZw==",
      "dev": true
    },
    "object-path": {
      "version": "0.11.4",
      "resolved": "https://nexus.xrci.io/repository/npm/object-path/-/object-path-0.11.4.tgz",
      "integrity": "sha1-NwrnUvvzfePqcKhhwju6iRVpGUk="
    }
  }
}
