{
  "name": "c-tsx_test",
  "version": "1.0.0",
  "lockfileVersion": 1,
  "requires": true,
  "dependencies": {
    "@types/events": {
      "version": "1.1.0",
      "resolved": "http://registry.npm.taobao.org/@types/events/download/@types/events-1.1.0.tgz",
      "integrity": "sha1-k7G+kfY8GERQOFJyxHtklv0CjgI="
    },
    "@types/node": {
      "version": "8.0.54",
      "resolved": "http://registry.npm.taobao.org/@types/node/download/@types/node-8.0.54.tgz",
      "integrity": "sha1-P9k1fbSvOIt54DhFNAJZRA7f/eY=",
      "requires": {
        "@types/events": "1.1.0"
      }
    },
    "@types/react": {
      "version": "16.0.26",
      "resolved": "http://registry.npm.taobao.org/@types/react/download/@types/react-16.0.26.tgz",
      "integrity": "sha1-zMJDMC0qS0oCkj3cEmNZnZV9MXQ="
    },
    "@types/react-dom": {
      "version": "16.0.3",
      "resolved": "http://registry.npm.taobao.org/@types/react-dom/download/@types/react-dom-16.0.3.tgz",
      "integrity": "sha1-isytfqvatMyj4aVvXMtX3i2g/2Q=",
      "requires": {
        "@types/node": "8.0.54",
        "@types/react": "16.0.26"
      }
    },
    "arr-diff": {
      "version": "4.0.0",
      "resolved": "http://registry.npm.taobao.org/arr-diff/download/arr-diff-4.0.0.tgz",
      "integrity": "sha1-1kYQdP6/7HHn4VI1dhoyml3HxSA=",
      "dev": true
    },
    "arr-flatten": {
      "version": "1.1.0",
      "resolved": "http://registry.npm.taobao.org/arr-flatten/download/arr-flatten-1.1.0.tgz",
      "integrity": "sha1-NgSLv/TntH4TZkQxbJlmnqWukfE=",
      "dev": true
    },
    "arr-union": {
      "version": "3.1.0",
      "resolved": "http://registry.npm.taobao.org/arr-union/download/arr-union-3.1.0.tgz",
      "integrity": "sha1-45sJrqne+Gao8gbiiK9jkZuuOcQ=",
      "dev": true
    },
    "array-unique": {
      "version": "0.3.2",
      "resolved": "http://registry.npm.taobao.org/array-unique/download/array-unique-0.3.2.tgz",
      "integrity": "sha1-qJS3XUvE9s1nnvMkSp/Y9Gri1Cg=",
      "dev": true
    },
    "asap": {
      "version": "2.0.6",
      "resolved": "http://registry.npm.taobao.org/asap/download/asap-2.0.6.tgz",
      "integrity": "sha1-5QNHYR1+aQlDIIu9r+vLwvuGbUY="
    },
    "async": {
      "version": "2.6.0",
      "resolved": "http://registry.npm.taobao.org/async/download/async-2.6.0.tgz",
      "integrity": "sha1-YaKau2/MAm/qd+VtHG7FOnlZUfQ=",
      "dev": true,
      "requires": {
        "lodash": "4.17.4"
      }
    },
    "atob": {
      "version": "2.0.3",
      "resolved": "http://registry.npm.taobao.org/atob/download/atob-2.0.3.tgz",
      "integrity": "sha1-GcenYEc3dEaPILLS0DNyrX1Mv10=",
      "dev": true
    },
    "awesome-typescript-loader": {
      "version": "3.4.1",
      "resolved": "http://registry.npm.taobao.org/awesome-typescript-loader/download/awesome-typescript-loader-3.4.1.tgz",
      "integrity": "sha1-IvpJgA8GGewYqxU4Ou+TuVN43qk=",
      "dev": true,
      "requires": {
        "colors": "1.1.2",
        "enhanced-resolve": "3.3.0",
        "loader-utils": "1.1.0",
        "lodash": "4.17.4",
        "micromatch": "3.1.4",
        "mkdirp": "0.5.1",
        "object-assign": "4.1.1",
        "source-map-support": "0.4.18"
      }
    },
    "base": {
      "version": "0.11.2",
      "resolved": "http://registry.npm.taobao.org/base/download/base-0.11.2.tgz",
      "integrity": "sha1-e95c7RRbbVUakNuH+DxVi060io8=",
      "dev": true,
      "requires": {
        "cache-base": "1.0.1",
        "class-utils": "0.3.5",
        "component-emitter": "1.2.1",
        "define-property": "1.0.0",
        "isobject": "3.0.1",
        "mixin-deep": "1.2.0",
        "pascalcase": "0.1.1"
      }
    },
    "big.js": {
      "version": "3.2.0",
      "resolved": "http://registry.npm.taobao.org/big.js/download/big.js-3.2.0.tgz",
      "integrity": "sha1-pfwpi4G54Nyi5FiCR4S2XFK6WI4=",
      "dev": true
    },
    "braces": {
      "version": "2.3.0",
      "resolved": "http://registry.npm.taobao.org/braces/download/braces-2.3.0.tgz",
      "integrity": "sha1-pGlBy1+0khVrPWplbgbDU2Tj5m4=",
      "dev": true,
      "requires": {
        "arr-flatten": "1.1.0",
        "array-unique": "0.3.2",
        "define-property": "1.0.0",
        "extend-shallow": "2.0.1",
        "fill-range": "4.0.0",
        "isobject": "3.0.1",
        "repeat-element": "1.1.2",
        "snapdragon": "0.8.1",
        "snapdragon-node": "2.1.1",
        "split-string": "3.1.0",
        "to-regex": "3.0.1"
      }
    },
    "cache-base": {
      "version": "1.0.1",
      "resolved": "http://registry.npm.taobao.org/cache-base/download/cache-base-1.0.1.tgz",
      "integrity": "sha1-Cn9GQWgxyLZi7jb+TnxZ129marI=",
      "dev": true,
      "requires": {
        "collection-visit": "1.0.0",
        "component-emitter": "1.2.1",
        "get-value": "2.0.6",
        "has-value": "1.0.0",
        "isobject": "3.0.1",
        "set-value": "2.0.0",
        "to-object-path": "0.3.0",
        "union-value": "1.0.0",
        "unset-value": "1.0.0"
      }
    },
    "class-utils": {
      "version": "0.3.5",
      "resolved": "http://registry.npm.taobao.org/class-utils/download/class-utils-0.3.5.tgz",
      "integrity": "sha1-F+eTEDdQ+WJ7IXbqNM/RtWWQPIA=",
      "dev": true,
      "requires": {
        "arr-union": "3.1.0",
        "define-property": "0.2.5",
        "isobject": "3.0.1",
        "lazy-cache": "2.0.2",
        "static-extend": "0.1.2"
      },
      "dependencies": {
        "define-property": {
          "version": "0.2.5",
          "resolved": "http://registry.npm.taobao.org/define-property/download/define-property-0.2.5.tgz",
          "integrity": "sha1-w1se+RjsPJkPmlvFe+BKrOxcgRY=",
          "dev": true,
          "requires": {
            "is-descriptor": "0.1.6"
          }
        },
        "is-descriptor": {
          "version": "0.1.6",
          "resolved": "http://registry.npm.taobao.org/is-descriptor/download/is-descriptor-0.1.6.tgz",
          "integrity": "sha1-Nm2CQN3kh8pRgjsaufB6EKeCUco=",
          "dev": true,
          "requires": {
            "is-accessor-descriptor": "0.1.6",
            "is-data-descriptor": "0.1.4",
            "kind-of": "5.1.0"
          }
        },
        "kind-of": {
          "version": "5.1.0",
          "resolved": "http://registry.npm.taobao.org/kind-of/download/kind-of-5.1.0.tgz",
          "integrity": "sha1-cpyR4thXt6QZofmqZWhcTDP1hF0=",
          "dev": true
        }
      }
    },
    "collection-visit": {
      "version": "1.0.0",
      "resolved": "http://registry.npm.taobao.org/collection-visit/download/collection-visit-1.0.0.tgz",
      "integrity": "sha1-S8A3PBZLwykbTTaMgpzxqApZ3KA=",
      "dev": true,
      "requires": {
        "map-visit": "1.0.0",
        "object-visit": "1.0.1"
      }
    },
    "colors": {
      "version": "1.1.2",
      "resolved": "http://registry.npm.taobao.org/colors/download/colors-1.1.2.tgz",
      "integrity": "sha1-FopHAXVran9RoSzgyXv6KMCE7WM=",
      "dev": true
    },
    "component-emitter": {
      "version": "1.2.1",
      "resolved": "http://registry.npm.taobao.org/component-emitter/download/component-emitter-1.2.1.tgz",
      "integrity": "sha1-E3kY1teCg/ffemt8WmPhQOaUJeY=",
      "dev": true
    },
    "copy-descriptor": {
      "version": "0.1.1",
      "resolved": "http://registry.npm.taobao.org/copy-descriptor/download/copy-descriptor-0.1.1.tgz",
      "integrity": "sha1-Z29us8OZl8LuGsOpJP1hJHSPV40=",
      "dev": true
    },
    "core-js": {
      "version": "1.2.7",
      "resolved": "http://registry.npm.taobao.org/core-js/download/core-js-1.2.7.tgz",
      "integrity": "sha1-ZSKUwUZR2yj6k70tX/KYOk8IxjY="
    },
    "core-util-is": {
      "version": "1.0.2",
      "resolved": "http://registry.npm.taobao.org/core-util-is/download/core-util-is-1.0.2.tgz",
      "integrity": "sha1-tf1UIgqivFq1eqtxQMlAdUUDwac=",
      "dev": true
    },
    "debug": {
      "version": "2.6.9",
      "resolved": "http://registry.npm.taobao.org/debug/download/debug-2.6.9.tgz",
      "integrity": "sha1-XRKFFd8TT/Mn6QpMk/Tgd6U2NB8=",
      "dev": true,
      "requires": {
        "ms": "2.0.0"
      }
    },
    "decode-uri-component": {
      "version": "0.2.0",
      "resolved": "http://registry.npm.taobao.org/decode-uri-component/download/decode-uri-component-0.2.0.tgz",
      "integrity": "sha1-6zkTMzRYd1y4TNGh+uBiEGu4dUU=",
      "dev": true
    },
    "define-property": {
      "version": "1.0.0",
      "resolved": "http://registry.npm.taobao.org/define-property/download/define-property-1.0.0.tgz",
      "integrity": "sha1-dp66rz9KY6rTr56NMEybvnm/sOY=",
      "dev": true,
      "requires": {
        "is-descriptor": "1.0.1"
      }
    },
    "emojis-list": {
      "version": "2.1.0",
      "resolved": "http://registry.npm.taobao.org/emojis-list/download/emojis-list-2.1.0.tgz",
      "integrity": "sha1-TapNnbAPmBmIDHn6RXrlsJof04k=",
      "dev": true
    },
    "encoding": {
      "version": "0.1.12",
      "resolved": "http://registry.npm.taobao.org/encoding/download/encoding-0.1.12.tgz",
      "integrity": "sha1-U4tm8+5izRq1HsMjgp0flIDHS+s=",
      "requires": {
        "iconv-lite": "0.4.19"
      }
    },
    "enhanced-resolve": {
      "version": "3.3.0",
      "resolved": "http://registry.npm.taobao.org/enhanced-resolve/download/enhanced-resolve-3.3.0.tgz",
      "integrity": "sha1-lQlk7MfwMypCMhtnOzjcj/FVNbM=",
      "dev": true,
      "requires": {
        "graceful-fs": "4.1.11",
        "memory-fs": "0.4.1",
        "object-assign": "4.1.1",
        "tapable": "0.2.8"
      }
    },
    "errno": {
      "version": "0.1.4",
      "resolved": "http://registry.npm.taobao.org/errno/download/errno-0.1.4.tgz",
      "integrity": "sha1-uJbiOp5ei6M4cfyZar02NfyaHH0=",
      "dev": true,
      "requires": {
        "prr": "0.0.0"
      }
    },
    "expand-brackets": {
      "version": "2.1.4",
      "resolved": "http://registry.npm.taobao.org/expand-brackets/download/expand-brackets-2.1.4.tgz",
      "integrity": "sha1-t3c14xXOMPa27/D4OwQVGiJEliI=",
      "dev": true,
      "requires": {
        "debug": "2.6.9",
        "define-property": "0.2.5",
        "extend-shallow": "2.0.1",
        "posix-character-classes": "0.1.1",
        "regex-not": "1.0.0",
        "snapdragon": "0.8.1",
        "to-regex": "3.0.1"
      },
      "dependencies": {
        "define-property": {
          "version": "0.2.5",
          "resolved": "http://registry.npm.taobao.org/define-property/download/define-property-0.2.5.tgz",
          "integrity": "sha1-w1se+RjsPJkPmlvFe+BKrOxcgRY=",
          "dev": true,
          "requires": {
            "is-descriptor": "0.1.6"
          }
        },
        "is-descriptor": {
          "version": "0.1.6",
          "resolved": "http://registry.npm.taobao.org/is-descriptor/download/is-descriptor-0.1.6.tgz",
          "integrity": "sha1-Nm2CQN3kh8pRgjsaufB6EKeCUco=",
          "dev": true,
          "requires": {
            "is-accessor-descriptor": "0.1.6",
            "is-data-descriptor": "0.1.4",
            "kind-of": "5.1.0"
          }
        },
        "kind-of": {
          "version": "5.1.0",
          "resolved": "http://registry.npm.taobao.org/kind-of/download/kind-of-5.1.0.tgz",
          "integrity": "sha1-cpyR4thXt6QZofmqZWhcTDP1hF0=",
          "dev": true
        }
      }
    },
    "extend-shallow": {
      "version": "2.0.1",
      "resolved": "http://registry.npm.taobao.org/extend-shallow/download/extend-shallow-2.0.1.tgz",
      "integrity": "sha1-Ua99YUrZqfYQ6huvu5idaxxWiQ8=",
      "dev": true,
      "requires": {
        "is-extendable": "0.1.1"
      }
    },
    "extglob": {
      "version": "2.0.2",
      "resolved": "http://registry.npm.taobao.org/extglob/download/extglob-2.0.2.tgz",
      "integrity": "sha1-MpD0YgjbGy6OuL4MlO2eatgO2+I=",
      "dev": true,
      "requires": {
        "array-unique": "0.3.2",
        "define-property": "1.0.0",
        "expand-brackets": "2.1.4",
        "extend-shallow": "2.0.1",
        "fragment-cache": "0.2.1",
        "regex-not": "1.0.0",
        "snapdragon": "0.8.1",
        "to-regex": "3.0.1"
      }
    },
    "fbjs": {
      "version": "0.8.16",
      "resolved": "http://registry.npm.taobao.org/fbjs/download/fbjs-0.8.16.tgz",
      "integrity": "sha1-XmdDL1UNxBtXK/VYR7ispk5TN9s=",
      "requires": {
        "core-js": "1.2.7",
        "isomorphic-fetch": "2.2.1",
        "loose-envify": "1.3.1",
        "object-assign": "4.1.1",
        "promise": "7.3.1",
        "setimmediate": "1.0.5",
        "ua-parser-js": "0.7.17"
      }
    },
    "fill-range": {
      "version": "4.0.0",
      "resolved": "http://registry.npm.taobao.org/fill-range/download/fill-range-4.0.0.tgz",
      "integrity": "sha1-1USBHUKPmOsGpj3EAtJAPDKMOPc=",
      "dev": true,
      "requires": {
        "extend-shallow": "2.0.1",
        "is-number": "3.0.0",
        "repeat-string": "1.6.1",
        "to-regex-range": "2.1.1"
      }
    },
    "for-in": {
      "version": "1.0.2",
      "resolved": "http://registry.npm.taobao.org/for-in/download/for-in-1.0.2.tgz",
      "integrity": "sha1-gQaNKVqBQuwKxybG4iAMMPttXoA=",
      "dev": true
    },
    "fragment-cache": {
      "version": "0.2.1",
      "resolved": "http://registry.npm.taobao.org/fragment-cache/download/fragment-cache-0.2.1.tgz",
      "integrity": "sha1-QpD60n8T6Jvn8zeZxrxaCr//DRk=",
      "dev": true,
      "requires": {
        "map-cache": "0.2.2"
      }
    },
    "get-value": {
      "version": "2.0.6",
      "resolved": "http://registry.npm.taobao.org/get-value/download/get-value-2.0.6.tgz",
      "integrity": "sha1-3BXKHGcjh8p2vTesCjlbogQqLCg=",
      "dev": true
    },
    "graceful-fs": {
      "version": "4.1.11",
      "resolved": "http://registry.npm.taobao.org/graceful-fs/download/graceful-fs-4.1.11.tgz",
      "integrity": "sha1-Dovf5NHduIVNZOBOp8AOKgJuVlg=",
      "dev": true
    },
    "has-value": {
      "version": "1.0.0",
      "resolved": "http://registry.npm.taobao.org/has-value/download/has-value-1.0.0.tgz",
      "integrity": "sha1-GLKB2lhbHFxR3vJMkw7SmgvmsXc=",
      "dev": true,
      "requires": {
        "get-value": "2.0.6",
        "has-values": "1.0.0",
        "isobject": "3.0.1"
      }
    },
    "has-values": {
      "version": "1.0.0",
      "resolved": "http://registry.npm.taobao.org/has-values/download/has-values-1.0.0.tgz",
      "integrity": "sha1-lbC2P+whRmGab+V/51Yo1aOe/k8=",
      "dev": true,
      "requires": {
        "is-number": "3.0.0",
        "kind-of": "4.0.0"
      },
      "dependencies": {
        "kind-of": {
          "version": "4.0.0",
          "resolved": "http://registry.npm.taobao.org/kind-of/download/kind-of-4.0.0.tgz",
          "integrity": "sha1-IIE989cSkosgc3hpGkUGb65y3Vc=",
          "dev": true,
          "requires": {
            "is-buffer": "1.1.6"
          }
        }
      }
    },
    "iconv-lite": {
      "version": "0.4.19",
      "resolved": "http://registry.npm.taobao.org/iconv-lite/download/iconv-lite-0.4.19.tgz",
      "integrity": "sha1-90aPYBNfXl2tM5nAqBvpoWA6CCs="
    },
    "inherits": {
      "version": "2.0.3",
      "resolved": "http://registry.npm.taobao.org/inherits/download/inherits-2.0.3.tgz",
      "integrity": "sha1-Yzwsg+PaQqUC9SRmAiSA9CCCYd4=",
      "dev": true
    },
    "is-accessor-descriptor": {
      "version": "0.1.6",
      "resolved": "http://registry.npm.taobao.org/is-accessor-descriptor/download/is-accessor-descriptor-0.1.6.tgz",
      "integrity": "sha1-qeEss66Nh2cn7u84Q/igiXtcmNY=",
      "dev": true,
      "requires": {
        "kind-of": "3.2.2"
      },
      "dependencies": {
        "kind-of": {
          "version": "3.2.2",
          "resolved": "http://registry.npm.taobao.org/kind-of/download/kind-of-3.2.2.tgz",
          "integrity": "sha1-MeohpzS6ubuw8yRm2JOupR5KPGQ=",
          "dev": true,
          "requires": {
            "is-buffer": "1.1.6"
          }
        }
      }
    },
    "is-buffer": {
      "version": "1.1.6",
      "resolved": "http://registry.npm.taobao.org/is-buffer/download/is-buffer-1.1.6.tgz",
      "integrity": "sha1-76ouqdqg16suoTqXsritUf776L4=",
      "dev": true
    },
    "is-data-descriptor": {
      "version": "0.1.4",
      "resolved": "http://registry.npm.taobao.org/is-data-descriptor/download/is-data-descriptor-0.1.4.tgz",
      "integrity": "sha1-C17mSDiOLIYCgueT8YVv7D8wG1Y=",
      "dev": true,
      "requires": {
        "kind-of": "3.2.2"
      },
      "dependencies": {
        "kind-of": {
          "version": "3.2.2",
          "resolved": "http://registry.npm.taobao.org/kind-of/download/kind-of-3.2.2.tgz",
          "integrity": "sha1-MeohpzS6ubuw8yRm2JOupR5KPGQ=",
          "dev": true,
          "requires": {
            "is-buffer": "1.1.6"
          }
        }
      }
    },
    "is-descriptor": {
      "version": "1.0.1",
      "resolved": "http://registry.npm.taobao.org/is-descriptor/download/is-descriptor-1.0.1.tgz",
      "integrity": "sha1-LGAjWZveLenV0si5qdlAggNrbvI=",
      "dev": true,
      "requires": {
        "is-accessor-descriptor": "0.1.6",
        "is-data-descriptor": "0.1.4",
        "kind-of": "5.1.0"
      },
      "dependencies": {
        "kind-of": {
          "version": "5.1.0",
          "resolved": "http://registry.npm.taobao.org/kind-of/download/kind-of-5.1.0.tgz",
          "integrity": "sha1-cpyR4thXt6QZofmqZWhcTDP1hF0=",
          "dev": true
        }
      }
    },
    "is-extendable": {
      "version": "0.1.1",
      "resolved": "http://registry.npm.taobao.org/is-extendable/download/is-extendable-0.1.1.tgz",
      "integrity": "sha1-YrEQ4omkcUGOPsNqYX1HLjAd/Ik=",
      "dev": true
    },
    "is-number": {
      "version": "3.0.0",
      "resolved": "http://registry.npm.taobao.org/is-number/download/is-number-3.0.0.tgz",
      "integrity": "sha1-JP1iAaR4LPUFYcgQJ2r8fRLXEZU=",
      "dev": true,
      "requires": {
        "kind-of": "3.2.2"
      },
      "dependencies": {
        "kind-of": {
          "version": "3.2.2",
          "resolved": "http://registry.npm.taobao.org/kind-of/download/kind-of-3.2.2.tgz",
          "integrity": "sha1-MeohpzS6ubuw8yRm2JOupR5KPGQ=",
          "dev": true,
          "requires": {
            "is-buffer": "1.1.6"
          }
        }
      }
    },
    "is-odd": {
      "version": "1.0.0",
      "resolved": "http://registry.npm.taobao.org/is-odd/download/is-odd-1.0.0.tgz",
      "integrity": "sha1-O4qTLrAos3dcObsJ6RdnrM22kIg=",
      "dev": true,
      "requires": {
        "is-number": "3.0.0"
      }
    },
    "is-plain-object": {
      "version": "2.0.4",
      "resolved": "http://registry.npm.taobao.org/is-plain-object/download/is-plain-object-2.0.4.tgz",
      "integrity": "sha1-LBY7P6+xtgbZ0Xko8FwqHDjgdnc=",
      "dev": true,
      "requires": {
        "isobject": "3.0.1"
      }
    },
    "is-stream": {
      "version": "1.1.0",
      "resolved": "http://registry.npm.taobao.org/is-stream/download/is-stream-1.1.0.tgz",
      "integrity": "sha1-EtSj3U5o4Lec6428hBc66A2RykQ="
    },
    "isarray": {
      "version": "1.0.0",
      "resolved": "http://registry.npm.taobao.org/isarray/download/isarray-1.0.0.tgz",
      "integrity": "sha1-u5NdSFgsuhaMBoNJV6VKPgcSTxE=",
      "dev": true
    },
    "isobject": {
      "version": "3.0.1",
      "resolved": "http://registry.npm.taobao.org/isobject/download/isobject-3.0.1.tgz",
      "integrity": "sha1-TkMekrEalzFjaqH5yNHMvP2reN8=",
      "dev": true
    },
    "isomorphic-fetch": {
      "version": "2.2.1",
      "resolved": "http://registry.npm.taobao.org/isomorphic-fetch/download/isomorphic-fetch-2.2.1.tgz",
      "integrity": "sha1-YRrhrPFPXoH3KVB0coGf6XM1WKk=",
      "requires": {
        "node-fetch": "1.7.3",
        "whatwg-fetch": "2.0.3"
      }
    },
    "js-tokens": {
      "version": "3.0.2",
      "resolved": "http://registry.npm.taobao.org/js-tokens/download/js-tokens-3.0.2.tgz",
      "integrity": "sha1-mGbfOVECEw449/mWvOtlRDIJwls="
    },
    "json5": {
      "version": "0.5.1",
      "resolved": "http://registry.npm.taobao.org/json5/download/json5-0.5.1.tgz",
      "integrity": "sha1-Hq3nrMASA0rYTiOWdn6tn6VJWCE=",
      "dev": true
    },
    "kind-of": {
      "version": "6.0.2",
      "resolved": "http://registry.npm.taobao.org/kind-of/download/kind-of-6.0.2.tgz",
      "integrity": "sha1-ARRrNqYhjmTljzqNZt5df8b20FE=",
      "dev": true
    },
    "lazy-cache": {
      "version": "2.0.2",
      "resolved": "http://registry.npm.taobao.org/lazy-cache/download/lazy-cache-2.0.2.tgz",
      "integrity": "sha1-uRkKT5EzVGlIQIWfio9whNiCImQ=",
      "dev": true,
      "requires": {
        "set-getter": "0.1.0"
      }
    },
    "loader-utils": {
      "version": "1.1.0",
      "resolved": "http://registry.npm.taobao.org/loader-utils/download/loader-utils-1.1.0.tgz",
      "integrity": "sha1-yYrvSIvM7aL/teLeZG1qdUQp9c0=",
      "dev": true,
      "requires": {
        "big.js": "3.2.0",
        "emojis-list": "2.1.0",
        "json5": "0.5.1"
      }
    },
    "lodash": {
      "version": "4.17.4",
      "resolved": "http://registry.npm.taobao.org/lodash/download/lodash-4.17.4.tgz",
      "integrity": "sha1-eCA6TRwyiuHYbcpkYONptX9AVa4=",
      "dev": true
    },
    "loose-envify": {
      "version": "1.3.1",
      "resolved": "http://registry.npm.taobao.org/loose-envify/download/loose-envify-1.3.1.tgz",
      "integrity": "sha1-0aitM/qc4OcT1l/dCsi3SNR4yEg=",
      "requires": {
        "js-tokens": "3.0.2"
      }
    },
    "map-cache": {
      "version": "0.2.2",
      "resolved": "http://registry.npm.taobao.org/map-cache/download/map-cache-0.2.2.tgz",
      "integrity": "sha1-wyq9C9ZSXZsFFkW7TyasXcmKDb8=",
      "dev": true
    },
    "map-visit": {
      "version": "1.0.0",
      "resolved": "http://registry.npm.taobao.org/map-visit/download/map-visit-1.0.0.tgz",
      "integrity": "sha1-7Nyo8TFE5mDxtb1B8S80edmN+48=",
      "dev": true,
      "requires": {
        "object-visit": "1.0.1"
      }
    },
    "memory-fs": {
      "version": "0.4.1",
      "resolved": "http://registry.npm.taobao.org/memory-fs/download/memory-fs-0.4.1.tgz",
      "integrity": "sha1-OpoguEYlI+RHz7x+i7gO1me/xVI=",
      "dev": true,
      "requires": {
        "errno": "0.1.4",
        "readable-stream": "2.3.3"
      }
    },
    "micromatch": {
      "version": "3.1.4",
      "resolved": "http://registry.npm.taobao.org/micromatch/download/micromatch-3.1.4.tgz",
      "integrity": "sha1-u4EudBpB+YLIVOQrQhp+rEWHlvQ=",
      "dev": true,
      "requires": {
        "arr-diff": "4.0.0",
        "array-unique": "0.3.2",
        "braces": "2.3.0",
        "define-property": "1.0.0",
        "extend-shallow": "2.0.1",
        "extglob": "2.0.2",
        "fragment-cache": "0.2.1",
        "kind-of": "6.0.2",
        "nanomatch": "1.2.6",
        "object.pick": "1.3.0",
        "regex-not": "1.0.0",
        "snapdragon": "0.8.1",
        "to-regex": "3.0.1"
      }
    },
    "minimist": {
      "version": "0.0.8",
      "resolved": "http://registry.npm.taobao.org/minimist/download/minimist-0.0.8.tgz",
      "integrity": "sha1-hX/Kv8M5fSYluCKCYuhqp6ARsF0=",
      "dev": true
    },
    "mixin-deep": {
      "version": "1.2.0",
      "resolved": "http://registry.npm.taobao.org/mixin-deep/download/mixin-deep-1.2.0.tgz",
      "integrity": "sha1-0CuMb4ttS49ZgtP9AJxJGYUcP+I=",
      "dev": true,
      "requires": {
        "for-in": "1.0.2",
        "is-extendable": "0.1.1"
      }
    },
    "mkdirp": {
      "version": "0.5.1",
      "resolved": "http://registry.npm.taobao.org/mkdirp/download/mkdirp-0.5.1.tgz",
      "integrity": "sha1-MAV0OOrGz3+MR2fzhkjWaX11yQM=",
      "dev": true,
      "requires": {
        "minimist": "0.0.8"
      }
    },
    "ms": {
      "version": "2.0.0",
      "resolved": "http://registry.npm.taobao.org/ms/download/ms-2.0.0.tgz",
      "integrity": "sha1-VgiurfwAvmwpAd9fmGF4jeDVl8g=",
      "dev": true
    },
    "nanomatch": {
      "version": "1.2.6",
      "resolved": "http://registry.npm.taobao.org/nanomatch/download/nanomatch-1.2.6.tgz",
      "integrity": "sha1-8nIz6Xw0qHBrfngaS8YRyVeoFiU=",
      "dev": true,
      "requires": {
        "arr-diff": "4.0.0",
        "array-unique": "0.3.2",
        "define-property": "1.0.0",
        "extend-shallow": "2.0.1",
        "fragment-cache": "0.2.1",
        "is-odd": "1.0.0",
        "kind-of": "5.1.0",
        "object.pick": "1.3.0",
        "regex-not": "1.0.0",
        "snapdragon": "0.8.1",
        "to-regex": "3.0.1"
      },
      "dependencies": {
        "kind-of": {
          "version": "5.1.0",
          "resolved": "http://registry.npm.taobao.org/kind-of/download/kind-of-5.1.0.tgz",
          "integrity": "sha1-cpyR4thXt6QZofmqZWhcTDP1hF0=",
          "dev": true
        }
      }
    },
    "node-fetch": {
      "version": "1.7.3",
      "resolved": "http://registry.npm.taobao.org/node-fetch/download/node-fetch-1.7.3.tgz",
      "integrity": "sha1-mA9vcthSEaU0fGsrwYxbhMPrR+8=",
      "requires": {
        "encoding": "0.1.12",
        "is-stream": "1.1.0"
      }
    },
    "object-assign": {
      "version": "4.1.1",
      "resolved": "http://registry.npm.taobao.org/object-assign/download/object-assign-4.1.1.tgz",
      "integrity": "sha1-IQmtx5ZYh8/AXLvUQsrIv7s2CGM="
    },
    "object-copy": {
      "version": "0.1.0",
      "resolved": "http://registry.npm.taobao.org/object-copy/download/object-copy-0.1.0.tgz",
      "integrity": "sha1-fn2Fi3gb18mRpBupde04EnVOmYw=",
      "dev": true,
      "requires": {
        "copy-descriptor": "0.1.1",
        "define-property": "0.2.5",
        "kind-of": "3.2.2"
      },
      "dependencies": {
        "define-property": {
          "version": "0.2.5",
          "resolved": "http://registry.npm.taobao.org/define-property/download/define-property-0.2.5.tgz",
          "integrity": "sha1-w1se+RjsPJkPmlvFe+BKrOxcgRY=",
          "dev": true,
          "requires": {
            "is-descriptor": "0.1.6"
          }
        },
        "is-descriptor": {
          "version": "0.1.6",
          "resolved": "http://registry.npm.taobao.org/is-descriptor/download/is-descriptor-0.1.6.tgz",
          "integrity": "sha1-Nm2CQN3kh8pRgjsaufB6EKeCUco=",
          "dev": true,
          "requires": {
            "is-accessor-descriptor": "0.1.6",
            "is-data-descriptor": "0.1.4",
            "kind-of": "5.1.0"
          },
          "dependencies": {
            "kind-of": {
              "version": "5.1.0",
              "resolved": "http://registry.npm.taobao.org/kind-of/download/kind-of-5.1.0.tgz",
              "integrity": "sha1-cpyR4thXt6QZofmqZWhcTDP1hF0=",
              "dev": true
            }
          }
        },
        "kind-of": {
          "version": "3.2.2",
          "resolved": "http://registry.npm.taobao.org/kind-of/download/kind-of-3.2.2.tgz",
          "integrity": "sha1-MeohpzS6ubuw8yRm2JOupR5KPGQ=",
          "dev": true,
          "requires": {
            "is-buffer": "1.1.6"
          }
        }
      }
    },
    "object-visit": {
      "version": "1.0.1",
      "resolved": "http://registry.npm.taobao.org/object-visit/download/object-visit-1.0.1.tgz",
      "integrity": "sha1-95xEk68MU3e1n+OdOV5BBC3QRbs=",
      "dev": true,
      "requires": {
        "isobject": "3.0.1"
      }
    },
    "object.pick": {
      "version": "1.3.0",
      "resolved": "http://registry.npm.taobao.org/object.pick/download/object.pick-1.3.0.tgz",
      "integrity": "sha1-h6EKxMFpS9Lhy/U1kaZhQftd10c=",
      "dev": true,
      "requires": {
        "isobject": "3.0.1"
      }
    },
    "pascalcase": {
      "version": "0.1.1",
      "resolved": "http://registry.npm.taobao.org/pascalcase/download/pascalcase-0.1.1.tgz",
      "integrity": "sha1-s2PlXoAGym/iF4TS2yK9FdeRfxQ=",
      "dev": true
    },
    "posix-character-classes": {
      "version": "0.1.1",
      "resolved": "http://registry.npm.taobao.org/posix-character-classes/download/posix-character-classes-0.1.1.tgz",
      "integrity": "sha1-AerA/jta9xoqbAL+q7jB/vfgDqs=",
      "dev": true
    },
    "process-nextick-args": {
      "version": "1.0.7",
      "resolved": "http://registry.npm.taobao.org/process-nextick-args/download/process-nextick-args-1.0.7.tgz",
      "integrity": "sha1-FQ4gt1ZZCtP5EJPyWk8q2L/zC6M=",
      "dev": true
    },
    "promise": {
      "version": "7.3.1",
      "resolved": "http://registry.npm.taobao.org/promise/download/promise-7.3.1.tgz",
      "integrity": "sha1-BktyYCsY+Q8pGSuLG8QY/9Hr078=",
      "requires": {
        "asap": "2.0.6"
      }
    },
    "prop-types": {
      "version": "15.6.0",
      "resolved": "http://registry.npm.taobao.org/prop-types/download/prop-types-15.6.0.tgz",
      "integrity": "sha1-zq8IMCL8RrSjX2nhPvda7Q1jmFY=",
      "requires": {
        "fbjs": "0.8.16",
        "loose-envify": "1.3.1",
        "object-assign": "4.1.1"
      }
    },
    "prr": {
      "version": "0.0.0",
      "resolved": "http://registry.npm.taobao.org/prr/download/prr-0.0.0.tgz",
      "integrity": "sha1-GoS4WQgyVQFBGFPQCB7j+obikmo=",
      "dev": true
    },
    "react": {
      "version": "16.2.0",
      "resolved": "http://registry.npm.taobao.org/react/download/react-16.2.0.tgz",
      "integrity": "sha1-oxvS2rib/2XUITT6GH8k0FTCc7o=",
      "requires": {
        "fbjs": "0.8.16",
        "loose-envify": "1.3.1",
        "object-assign": "4.1.1",
        "prop-types": "15.6.0"
      }
    },
    "react-dom": {
      "version": "16.2.0",
      "resolved": "http://registry.npm.taobao.org/react-dom/download/react-dom-16.2.0.tgz",
      "integrity": "sha1-aQAxeGAcDKGbcJszqDNp/mEkwEQ=",
      "requires": {
        "fbjs": "0.8.16",
        "loose-envify": "1.3.1",
        "object-assign": "4.1.1",
        "prop-types": "15.6.0"
      }
    },
    "readable-stream": {
      "version": "2.3.3",
      "resolved": "http://registry.npm.taobao.org/readable-stream/download/readable-stream-2.3.3.tgz",
      "integrity": "sha1-No8lEtefnUb9/HE0mueHi7weuVw=",
      "dev": true,
      "requires": {
        "core-util-is": "1.0.2",
        "inherits": "2.0.3",
        "isarray": "1.0.0",
        "process-nextick-args": "1.0.7",
        "safe-buffer": "5.1.1",
        "string_decoder": "1.0.3",
        "util-deprecate": "1.0.2"
      }
    },
    "regex-not": {
      "version": "1.0.0",
      "resolved": "http://registry.npm.taobao.org/regex-not/download/regex-not-1.0.0.tgz",
      "integrity": "sha1-Qvg+OXcWIt+CawKvF2Ul1qXxV/k=",
      "dev": true,
      "requires": {
        "extend-shallow": "2.0.1"
      }
    },
    "repeat-element": {
      "version": "1.1.2",
      "resolved": "http://registry.npm.taobao.org/repeat-element/download/repeat-element-1.1.2.tgz",
      "integrity": "sha1-7wiaF40Ug7quTZPrmLT55OEdmQo=",
      "dev": true
    },
    "repeat-string": {
      "version": "1.6.1",
      "resolved": "http://registry.npm.taobao.org/repeat-string/download/repeat-string-1.6.1.tgz",
      "integrity": "sha1-jcrkcOHIirwtYA//Sndihtp15jc=",
      "dev": true
    },
    "resolve-url": {
      "version": "0.2.1",
      "resolved": "http://registry.npm.taobao.org/resolve-url/download/resolve-url-0.2.1.tgz",
      "integrity": "sha1-LGN/53yJOv0qZj/iGqkIAGjiBSo=",
      "dev": true
    },
    "safe-buffer": {
      "version": "5.1.1",
      "resolved": "http://registry.npm.taobao.org/safe-buffer/download/safe-buffer-5.1.1.tgz",
      "integrity": "sha1-iTMSr2myEj3vcfV4iQAWce6yyFM=",
      "dev": true
    },
    "set-getter": {
      "version": "0.1.0",
      "resolved": "http://registry.npm.taobao.org/set-getter/download/set-getter-0.1.0.tgz",
      "integrity": "sha1-12nBgsnVpR9AkUXy+6guXoboA3Y=",
      "dev": true,
      "requires": {
        "to-object-path": "0.3.0"
      }
    },
    "set-value": {
      "version": "2.0.0",
      "resolved": "http://registry.npm.taobao.org/set-value/download/set-value-2.0.0.tgz",
      "integrity": "sha1-ca5KiPD+77v1LR6mBPP7MV67YnQ=",
      "dev": true,
      "requires": {
        "extend-shallow": "2.0.1",
        "is-extendable": "0.1.1",
        "is-plain-object": "2.0.4",
        "split-string": "3.1.0"
      }
    },
    "setimmediate": {
      "version": "1.0.5",
      "resolved": "http://registry.npm.taobao.org/setimmediate/download/setimmediate-1.0.5.tgz",
      "integrity": "sha1-KQy7Iy4waULX1+qbg3Mqt4VvgoU="
    },
    "snapdragon": {
      "version": "0.8.1",
      "resolved": "http://registry.npm.taobao.org/snapdragon/download/snapdragon-0.8.1.tgz",
      "integrity": "sha1-4StUh/re0+PeoKyR6UAL91tAE3A=",
      "dev": true,
      "requires": {
        "base": "0.11.2",
        "debug": "2.6.9",
        "define-property": "0.2.5",
        "extend-shallow": "2.0.1",
        "map-cache": "0.2.2",
        "source-map": "0.5.7",
        "source-map-resolve": "0.5.1",
        "use": "2.0.2"
      },
      "dependencies": {
        "define-property": {
          "version": "0.2.5",
          "resolved": "http://registry.npm.taobao.org/define-property/download/define-property-0.2.5.tgz",
          "integrity": "sha1-w1se+RjsPJkPmlvFe+BKrOxcgRY=",
          "dev": true,
          "requires": {
            "is-descriptor": "0.1.6"
          }
        },
        "is-descriptor": {
          "version": "0.1.6",
          "resolved": "http://registry.npm.taobao.org/is-descriptor/download/is-descriptor-0.1.6.tgz",
          "integrity": "sha1-Nm2CQN3kh8pRgjsaufB6EKeCUco=",
          "dev": true,
          "requires": {
            "is-accessor-descriptor": "0.1.6",
            "is-data-descriptor": "0.1.4",
            "kind-of": "5.1.0"
          }
        },
        "kind-of": {
          "version": "5.1.0",
          "resolved": "http://registry.npm.taobao.org/kind-of/download/kind-of-5.1.0.tgz",
          "integrity": "sha1-cpyR4thXt6QZofmqZWhcTDP1hF0=",
          "dev": true
        }
      }
    },
    "snapdragon-node": {
      "version": "2.1.1",
      "resolved": "http://registry.npm.taobao.org/snapdragon-node/download/snapdragon-node-2.1.1.tgz",
      "integrity": "sha1-bBdfhv8UvbByRWPo88GwIaKGhTs=",
      "dev": true,
      "requires": {
        "define-property": "1.0.0",
        "isobject": "3.0.1",
        "snapdragon-util": "3.0.1"
      }
    },
    "snapdragon-util": {
      "version": "3.0.1",
      "resolved": "http://registry.npm.taobao.org/snapdragon-util/download/snapdragon-util-3.0.1.tgz",
      "integrity": "sha1-+VZHlIbyrNeXAGk/b3uAXkWrVuI=",
      "dev": true,
      "requires": {
        "kind-of": "3.2.2"
      },
      "dependencies": {
        "kind-of": {
          "version": "3.2.2",
          "resolved": "http://registry.npm.taobao.org/kind-of/download/kind-of-3.2.2.tgz",
          "integrity": "sha1-MeohpzS6ubuw8yRm2JOupR5KPGQ=",
          "dev": true,
          "requires": {
            "is-buffer": "1.1.6"
          }
        }
      }
    },
    "source-map": {
      "version": "0.5.7",
      "resolved": "http://registry.npm.taobao.org/source-map/download/source-map-0.5.7.tgz",
      "integrity": "sha1-igOdLRAh0i0eoUyA2OpGi6LvP8w=",
      "dev": true
    },
    "source-map-loader": {
      "version": "0.2.3",
      "resolved": "http://registry.npm.taobao.org/source-map-loader/download/source-map-loader-0.2.3.tgz",
      "integrity": "sha1-1LDIzUfVTtzj5r+g9SP0UrWw5SE=",
      "dev": true,
      "requires": {
        "async": "2.6.0",
        "loader-utils": "0.2.17",
        "source-map": "0.6.1"
      },
      "dependencies": {
        "loader-utils": {
          "version": "0.2.17",
          "resolved": "http://registry.npm.taobao.org/loader-utils/download/loader-utils-0.2.17.tgz",
          "integrity": "sha1-+G5jdNQyBabmxg6RlvF8Apm/s0g=",
          "dev": true,
          "requires": {
            "big.js": "3.2.0",
            "emojis-list": "2.1.0",
            "json5": "0.5.1",
            "object-assign": "4.1.1"
          }
        },
        "source-map": {
          "version": "0.6.1",
          "resolved": "http://registry.npm.taobao.org/source-map/download/source-map-0.6.1.tgz",
          "integrity": "sha1-dHIq8y6WFOnCh6jQu95IteLxomM=",
          "dev": true
        }
      }
    },
    "source-map-resolve": {
      "version": "0.5.1",
      "resolved": "http://registry.npm.taobao.org/source-map-resolve/download/source-map-resolve-0.5.1.tgz",
      "integrity": "sha1-etD1k/IoFZjoVN+A8ZquS5LXoRo=",
      "dev": true,
      "requires": {
        "atob": "2.0.3",
        "decode-uri-component": "0.2.0",
        "resolve-url": "0.2.1",
        "source-map-url": "0.4.0",
        "urix": "0.1.0"
      }
    },
    "source-map-support": {
      "version": "0.4.18",
      "resolved": "http://registry.npm.taobao.org/source-map-support/download/source-map-support-0.4.18.tgz",
      "integrity": "sha1-Aoam3ovkJkEzhZTpfM6nXwosWF8=",
      "dev": true,
      "requires": {
        "source-map": "0.5.7"
      }
    },
    "source-map-url": {
      "version": "0.4.0",
      "resolved": "http://registry.npm.taobao.org/source-map-url/download/source-map-url-0.4.0.tgz",
      "integrity": "sha1-PpNdfd1zYxuXZZlW1VEo6HtQhKM=",
      "dev": true
    },
    "split-string": {
      "version": "3.1.0",
      "resolved": "http://registry.npm.taobao.org/split-string/download/split-string-3.1.0.tgz",
      "integrity": "sha1-fLCd2jqGWFcFxks5pkZgOGguj+I=",
      "dev": true,
      "requires": {
        "extend-shallow": "3.0.1"
      },
      "dependencies": {
        "extend-shallow": {
          "version": "3.0.1",
          "resolved": "http://registry.npm.taobao.org/extend-shallow/download/extend-shallow-3.0.1.tgz",
          "integrity": "sha1-S22MSbFH/uAp3J65SErbdw9omEQ=",
          "dev": true,
          "requires": {
            "is-extendable": "1.0.1"
          }
        },
        "is-extendable": {
          "version": "1.0.1",
          "resolved": "http://registry.npm.taobao.org/is-extendable/download/is-extendable-1.0.1.tgz",
          "integrity": "sha1-p0cPnkJnM9gb2B4RVSZOOjUHyrQ=",
          "dev": true,
          "requires": {
            "is-plain-object": "2.0.4"
          }
        }
      }
    },
    "static-extend": {
      "version": "0.1.2",
      "resolved": "http://registry.npm.taobao.org/static-extend/download/static-extend-0.1.2.tgz",
      "integrity": "sha1-YICcOcv/VTNyJv1eC1IPNB8ftcY=",
      "dev": true,
      "requires": {
        "define-property": "0.2.5",
        "object-copy": "0.1.0"
      },
      "dependencies": {
        "define-property": {
          "version": "0.2.5",
          "resolved": "http://registry.npm.taobao.org/define-property/download/define-property-0.2.5.tgz",
          "integrity": "sha1-w1se+RjsPJkPmlvFe+BKrOxcgRY=",
          "dev": true,
          "requires": {
            "is-descriptor": "0.1.6"
          }
        },
        "is-descriptor": {
          "version": "0.1.6",
          "resolved": "http://registry.npm.taobao.org/is-descriptor/download/is-descriptor-0.1.6.tgz",
          "integrity": "sha1-Nm2CQN3kh8pRgjsaufB6EKeCUco=",
          "dev": true,
          "requires": {
            "is-accessor-descriptor": "0.1.6",
            "is-data-descriptor": "0.1.4",
            "kind-of": "5.1.0"
          }
        },
        "kind-of": {
          "version": "5.1.0",
          "resolved": "http://registry.npm.taobao.org/kind-of/download/kind-of-5.1.0.tgz",
          "integrity": "sha1-cpyR4thXt6QZofmqZWhcTDP1hF0=",
          "dev": true
        }
      }
    },
    "string_decoder": {
      "version": "1.0.3",
      "resolved": "http://registry.npm.taobao.org/string_decoder/download/string_decoder-1.0.3.tgz",
      "integrity": "sha1-D8Z9fBQYJd6UKC3VNr7GubzoYKs=",
      "dev": true,
      "requires": {
        "safe-buffer": "5.1.1"
      }
    },
    "tapable": {
      "version": "0.2.8",
      "resolved": "http://registry.npm.taobao.org/tapable/download/tapable-0.2.8.tgz",
      "integrity": "sha1-mTcqXJmb8t8WCvwNdL7U9HlIzSI=",
      "dev": true
    },
    "to-object-path": {
      "version": "0.3.0",
      "resolved": "http://registry.npm.taobao.org/to-object-path/download/to-object-path-0.3.0.tgz",
      "integrity": "sha1-KXWIt7Dn4KwI4E5nL4XB9JmeF68=",
      "dev": true,
      "requires": {
        "kind-of": "3.2.2"
      },
      "dependencies": {
        "kind-of": {
          "version": "3.2.2",
          "resolved": "http://registry.npm.taobao.org/kind-of/download/kind-of-3.2.2.tgz",
          "integrity": "sha1-MeohpzS6ubuw8yRm2JOupR5KPGQ=",
          "dev": true,
          "requires": {
            "is-buffer": "1.1.6"
          }
        }
      }
    },
    "to-regex": {
      "version": "3.0.1",
      "resolved": "http://registry.npm.taobao.org/to-regex/download/to-regex-3.0.1.tgz",
      "integrity": "sha1-FTWL7kosg712N3uh3ASdDxiDeq4=",
      "dev": true,
      "requires": {
        "define-property": "0.2.5",
        "extend-shallow": "2.0.1",
        "regex-not": "1.0.0"
      },
      "dependencies": {
        "define-property": {
          "version": "0.2.5",
          "resolved": "http://registry.npm.taobao.org/define-property/download/define-property-0.2.5.tgz",
          "integrity": "sha1-w1se+RjsPJkPmlvFe+BKrOxcgRY=",
          "dev": true,
          "requires": {
            "is-descriptor": "0.1.6"
          }
        },
        "is-descriptor": {
          "version": "0.1.6",
          "resolved": "http://registry.npm.taobao.org/is-descriptor/download/is-descriptor-0.1.6.tgz",
          "integrity": "sha1-Nm2CQN3kh8pRgjsaufB6EKeCUco=",
          "dev": true,
          "requires": {
            "is-accessor-descriptor": "0.1.6",
            "is-data-descriptor": "0.1.4",
            "kind-of": "5.1.0"
          }
        },
        "kind-of": {
          "version": "5.1.0",
          "resolved": "http://registry.npm.taobao.org/kind-of/download/kind-of-5.1.0.tgz",
          "integrity": "sha1-cpyR4thXt6QZofmqZWhcTDP1hF0=",
          "dev": true
        }
      }
    },
    "to-regex-range": {
      "version": "2.1.1",
      "resolved": "http://registry.npm.taobao.org/to-regex-range/download/to-regex-range-2.1.1.tgz",
      "integrity": "sha1-fIDBe53+vlmeJzZ+DU3VWQFB2zg=",
      "dev": true,
      "requires": {
        "is-number": "3.0.0",
        "repeat-string": "1.6.1"
      }
    },
    "typescript": {
      "version": "2.6.2",
      "resolved": "http://registry.npm.taobao.org/typescript/download/typescript-2.6.2.tgz",
      "integrity": "sha1-PFtv1/beCRQmkCfwPAlGdY92c6Q=",
      "dev": true
    },
    "ua-parser-js": {
      "version": "0.7.17",
      "resolved": "http://registry.npm.taobao.org/ua-parser-js/download/ua-parser-js-0.7.17.tgz",
      "integrity": "sha1-6exflJi57JEOeuOsYmqAXE0J7Kw="
    },
    "union-value": {
      "version": "1.0.0",
      "resolved": "http://registry.npm.taobao.org/union-value/download/union-value-1.0.0.tgz",
      "integrity": "sha1-XHHDTLW61dzr4+oM0IIHulqhrqQ=",
      "dev": true,
      "requires": {
        "arr-union": "3.1.0",
        "get-value": "2.0.6",
        "is-extendable": "0.1.1",
        "set-value": "0.4.3"
      },
      "dependencies": {
        "set-value": {
          "version": "0.4.3",
          "resolved": "http://registry.npm.taobao.org/set-value/download/set-value-0.4.3.tgz",
          "integrity": "sha1-fbCPnT0i3H945Trzw79GZuzfzPE=",
          "dev": true,
          "requires": {
            "extend-shallow": "2.0.1",
            "is-extendable": "0.1.1",
            "is-plain-object": "2.0.4",
            "to-object-path": "0.3.0"
          }
        }
      }
    },
    "unset-value": {
      "version": "1.0.0",
      "resolved": "http://registry.npm.taobao.org/unset-value/download/unset-value-1.0.0.tgz",
      "integrity": "sha1-g3aHP30jNRef+x5vw6jtDfyKtVk=",
      "dev": true,
      "requires": {
        "has-value": "0.3.1",
        "isobject": "3.0.1"
      },
      "dependencies": {
        "has-value": {
          "version": "0.3.1",
          "resolved": "http://registry.npm.taobao.org/has-value/download/has-value-0.3.1.tgz",
          "integrity": "sha1-ex9YutpiyoJ+wKIHgCVlSEWZXh8=",
          "dev": true,
          "requires": {
            "get-value": "2.0.6",
            "has-values": "0.1.4",
            "isobject": "2.1.0"
          },
          "dependencies": {
            "isobject": {
              "version": "2.1.0",
              "resolved": "http://registry.npm.taobao.org/isobject/download/isobject-2.1.0.tgz",
              "integrity": "sha1-8GVWEJaj8dou9GJy+BXIQNh+DIk=",
              "dev": true,
              "requires": {
                "isarray": "1.0.0"
              }
            }
          }
        },
        "has-values": {
          "version": "0.1.4",
          "resolved": "http://registry.npm.taobao.org/has-values/download/has-values-0.1.4.tgz",
          "integrity": "sha1-bWHeldkd/Km5oCCJrThL/49it3E=",
          "dev": true
        }
      }
    },
    "urix": {
      "version": "0.1.0",
      "resolved": "http://registry.npm.taobao.org/urix/download/urix-0.1.0.tgz",
      "integrity": "sha1-2pN/emLiH+wf0Y1Js1wpNQZ6bHI=",
      "dev": true
    },
    "use": {
      "version": "2.0.2",
      "resolved": "http://registry.npm.taobao.org/use/download/use-2.0.2.tgz",
      "integrity": "sha1-riig1y+TvyJCKhii43mZMRLeyOg=",
      "dev": true,
      "requires": {
        "define-property": "0.2.5",
        "isobject": "3.0.1",
        "lazy-cache": "2.0.2"
      },
      "dependencies": {
        "define-property": {
          "version": "0.2.5",
          "resolved": "http://registry.npm.taobao.org/define-property/download/define-property-0.2.5.tgz",
          "integrity": "sha1-w1se+RjsPJkPmlvFe+BKrOxcgRY=",
          "dev": true,
          "requires": {
            "is-descriptor": "0.1.6"
          }
        },
        "is-descriptor": {
          "version": "0.1.6",
          "resolved": "http://registry.npm.taobao.org/is-descriptor/download/is-descriptor-0.1.6.tgz",
          "integrity": "sha1-Nm2CQN3kh8pRgjsaufB6EKeCUco=",
          "dev": true,
          "requires": {
            "is-accessor-descriptor": "0.1.6",
            "is-data-descriptor": "0.1.4",
            "kind-of": "5.1.0"
          }
        },
        "kind-of": {
          "version": "5.1.0",
          "resolved": "http://registry.npm.taobao.org/kind-of/download/kind-of-5.1.0.tgz",
          "integrity": "sha1-cpyR4thXt6QZofmqZWhcTDP1hF0=",
          "dev": true
        }
      }
    },
    "util-deprecate": {
      "version": "1.0.2",
      "resolved": "http://registry.npm.taobao.org/util-deprecate/download/util-deprecate-1.0.2.tgz",
      "integrity": "sha1-RQ1Nyfpw3nMnYvvS1KKJgUGaDM8=",
      "dev": true
    },
    "whatwg-fetch": {
      "version": "2.0.3",
      "resolved": "http://registry.npm.taobao.org/whatwg-fetch/download/whatwg-fetch-2.0.3.tgz",
      "integrity": "sha1-nITsLc9oGH/wC8ZOEnS0QhduHIQ="
    }
  }
}
